
Microsoft Visual Studio Solution File, Format Version 12.00
# Visual Studio Version 17
VisualStudioVersion = 17.9.34728.123
MinimumVisualStudioVersion = 10.0.40219.1
Project("{FAE04EC0-301F-11D3-BF4B-00C04F79EFBC}") = "La0-A", "La0-A\La0-A.csproj", "{4F02C4F1-631A-460D-9404-213901E5753F}"
EndProject
Global
	GlobalSection(SolutionConfigurationPlatforms) = preSolution
		Debug|Any CPU = Debug|Any CPU
		Release|Any CPU = Release|Any CPU
	EndGlobalSection
	GlobalSection(ProjectConfigurationPlatforms) = postSolution
		{4F02C4F1-631A-460D-9404-213901E5753F}.Debug|Any CPU.ActiveCfg = Debug|Any CPU
		{4F02C4F1-631A-460D-9404-213901E5753F}.Debug|Any CPU.Build.0 = Debug|Any CPU
		{4F02C4F1-631A-460D-9404-213901E5753F}.Release|Any CPU.ActiveCfg = Release|Any CPU
		{4F02C4F1-631A-460D-9404-213901E5753F}.Release|Any CPU.Build.0 = Release|Any CPU
	EndGlobalSection
	GlobalSection(SolutionProperties) = preSolution
		HideSolutionNode = FALSE
	EndGlobalSection
	GlobalSection(ExtensibilityGlobals) = postSolution
		SolutionGuid = {EF305886-256A-477C-B7A9-A18A2E55332E}
	EndGlobalSection
EndGlobal
